
Microsoft Visual Studio Solution File, Format Version 12.00
# Visual Studio Version 17
VisualStudioVersion = 17.3.32804.467
MinimumVisualStudioVersion = 10.0.40219.1
Project("{FAE04EC0-301F-11D3-BF4B-00C04F79EFBC}") = "ApiCatalogo", "ApiCatalogo\ApiCatalogo.csproj", "{15B9D355-FCB4-4EE6-8EA0-113A00500FAA}"
EndProject
Global
	GlobalSection(SolutionConfigurationPlatforms) = preSolution
		Debug|Any CPU = Debug|Any CPU
		Release|Any CPU = Release|Any CPU
	EndGlobalSection
	GlobalSection(ProjectConfigurationPlatforms) = postSolution
		{15B9D355-FCB4-4EE6-8EA0-113A00500FAA}.Debug|Any CPU.ActiveCfg = Debug|Any CPU
		{15B9D355-FCB4-4EE6-8EA0-113A00500FAA}.Debug|Any CPU.Build.0 = Debug|Any CPU
		{15B9D355-FCB4-4EE6-8EA0-113A00500FAA}.Release|Any CPU.ActiveCfg = Release|Any CPU
		{15B9D355-FCB4-4EE6-8EA0-113A00500FAA}.Release|Any CPU.Build.0 = Release|Any CPU
	EndGlobalSection
	GlobalSection(SolutionProperties) = preSolution
		HideSolutionNode = FALSE
	EndGlobalSection
	GlobalSection(ExtensibilityGlobals) = postSolution
		SolutionGuid = {1663C6AE-98A1-483A-82E2-365A57398B16}
	EndGlobalSection
EndGlobal
