
Microsoft Visual Studio Solution File, Format Version 12.00
# Visual Studio Version 16
VisualStudioVersion = 16.0.33214.272
MinimumVisualStudioVersion = 10.0.40219.1
Project("{FAE04EC0-301F-11D3-BF4B-00C04F79EFBC}") = "Lambda", "Lambda\Lambda.csproj", "{57A977B8-156D-4887-BE78-43F86D5E875D}"
EndProject
Global
	GlobalSection(SolutionConfigurationPlatforms) = preSolution
		Debug|Any CPU = Debug|Any CPU
		Release|Any CPU = Release|Any CPU
	EndGlobalSection
	GlobalSection(ProjectConfigurationPlatforms) = postSolution
		{57A977B8-156D-4887-BE78-43F86D5E875D}.Debug|Any CPU.ActiveCfg = Debug|Any CPU
		{57A977B8-156D-4887-BE78-43F86D5E875D}.Debug|Any CPU.Build.0 = Debug|Any CPU
		{57A977B8-156D-4887-BE78-43F86D5E875D}.Release|Any CPU.ActiveCfg = Release|Any CPU
		{57A977B8-156D-4887-BE78-43F86D5E875D}.Release|Any CPU.Build.0 = Release|Any CPU
	EndGlobalSection
	GlobalSection(SolutionProperties) = preSolution
		HideSolutionNode = FALSE
	EndGlobalSection
	GlobalSection(ExtensibilityGlobals) = postSolution
		SolutionGuid = {5B03B57C-A9E3-4C0E-BD1F-395A7DDF07F5}
	EndGlobalSection
EndGlobal
